// !$*UTF8*$!
{
	archiveVersion = 1;
	classes = {
	};
	objectVersion = 50;
	objects = {

/* Begin PBXBuildFile section */
		3D90976D219E06C40024C84C /* AppDelegate.swift in Sources */ = {isa = PBXBuildFile; fileRef = 3D90976C219E06C40024C84C /* AppDelegate.swift */; };
		3D90976F219E06C40024C84C /* ViewController.swift in Sources */ = {isa = PBXBuildFile; fileRef = 3D90976E219E06C40024C84C /* ViewController.swift */; };
		3D909772219E06C40024C84C /* Main.storyboard in Resources */ = {isa = PBXBuildFile; fileRef = 3D909770219E06C40024C84C /* Main.storyboard */; };
		3D909777219E06C70024C84C /* LaunchScreen.storyboard in Resources */ = {isa = PBXBuildFile; fileRef = 3D909775219E06C70024C84C /* LaunchScreen.storyboard */; };
		3D909782219E06C70024C84C /* icysinTests.swift in Sources */ = {isa = PBXBuildFile; fileRef = 3D909781219E06C70024C84C /* icysinTests.swift */; };
		3D90978D219E06C70024C84C /* icysinUITests.swift in Sources */ = {isa = PBXBuildFile; fileRef = 3D90978C219E06C70024C84C /* icysinUITests.swift */; };
		3DB78C0C21AEAC780020CF7B /* Login.swift in Sources */ = {isa = PBXBuildFile; fileRef = 3DB78C0B21AEAC780020CF7B /* Login.swift */; };
		3DB78C0E21AEAC820020CF7B /* info.swift in Sources */ = {isa = PBXBuildFile; fileRef = 3DB78C0D21AEAC820020CF7B /* info.swift */; };
		3DD5C2D921AF45CF0081BEC4 /* chelados.swift in Sources */ = {isa = PBXBuildFile; fileRef = 3DD5C2D821AF45CF0081BEC4 /* chelados.swift */; };
		3DD5C2DB21AF46330081BEC4 /* cpasteles.swift in Sources */ = {isa = PBXBuildFile; fileRef = 3DD5C2DA21AF46330081BEC4 /* cpasteles.swift */; };
		3DD5C2DD21AF46E30081BEC4 /* DetalleProductoController.swift in Sources */ = {isa = PBXBuildFile; fileRef = 3DD5C2DC21AF46E30081BEC4 /* DetalleProductoController.swift */; };
		3DD5C2E021AF47110081BEC4 /* CellHelados.swift in Sources */ = {isa = PBXBuildFile; fileRef = 3DD5C2DF21AF47110081BEC4 /* CellHelados.swift */; };
		3DD5C2E221AF471D0081BEC4 /* CellPastel.swift in Sources */ = {isa = PBXBuildFile; fileRef = 3DD5C2E121AF471D0081BEC4 /* CellPastel.swift */; };
		3DD5C2E421AF48570081BEC4 /* Detallecomponente.swift in Sources */ = {isa = PBXBuildFile; fileRef = 3DD5C2E321AF48570081BEC4 /* Detallecomponente.swift */; };
		3DD5C2E621AF48670081BEC4 /* Carrito.swift in Sources */ = {isa = PBXBuildFile; fileRef = 3DD5C2E521AF48670081BEC4 /* Carrito.swift */; };
		3DD5C2E821AF48F30081BEC4 /* inicio.swift in Sources */ = {isa = PBXBuildFile; fileRef = 3DD5C2E721AF48F30081BEC4 /* inicio.swift */; };
		3DD5C2EB21AF4E900081BEC4 /* Helado.swift in Sources */ = {isa = PBXBuildFile; fileRef = 3DD5C2EA21AF4E900081BEC4 /* Helado.swift */; };
		3DD5C2ED21AF4E9D0081BEC4 /* Pastel.swift in Sources */ = {isa = PBXBuildFile; fileRef = 3DD5C2EC21AF4E9D0081BEC4 /* Pastel.swift */; };
		3DD5C2EF21AF4EAE0081BEC4 /* Pedido.swift in Sources */ = {isa = PBXBuildFile; fileRef = 3DD5C2EE21AF4EAE0081BEC4 /* Pedido.swift */; };
		3DD5C2F121AF4EC80081BEC4 /* CellPedido.swift in Sources */ = {isa = PBXBuildFile; fileRef = 3DD5C2F021AF4EC80081BEC4 /* CellPedido.swift */; };
		3DD5C2F321AF4F0A0081BEC4 /* DatosHelado.swift in Sources */ = {isa = PBXBuildFile; fileRef = 3DD5C2F221AF4F0A0081BEC4 /* DatosHelado.swift */; };
		3DD5C2F521AF4F1B0081BEC4 /* DatosPastel.swift in Sources */ = {isa = PBXBuildFile; fileRef = 3DD5C2F421AF4F1B0081BEC4 /* DatosPastel.swift */; };
		3DD5C2F721AF4F2E0081BEC4 /* DatosPedido.swift in Sources */ = {isa = PBXBuildFile; fileRef = 3DD5C2F621AF4F2E0081BEC4 /* DatosPedido.swift */; };
		3DD5C2F921AF63F10081BEC4 /* Pedidospagar.swift in Sources */ = {isa = PBXBuildFile; fileRef = 3DD5C2F821AF63F10081BEC4 /* Pedidospagar.swift */; };
		3DD5C2FB21AF63FE0081BEC4 /* Pagado.swift in Sources */ = {isa = PBXBuildFile; fileRef = 3DD5C2FA21AF63FE0081BEC4 /* Pagado.swift */; };
		3DED6EBA21B0D933005127D9 /* Assets.xcassets in Resources */ = {isa = PBXBuildFile; fileRef = 3DED6EB921B0D933005127D9 /* Assets.xcassets */; };
		3DED6ED421B0F130005127D9 /* Alamofire.framework in Frameworks */ = {isa = PBXBuildFile; fileRef = 3DED6EC721B0F105005127D9 /* Alamofire.framework */; };
		3DED6ED521B0F130005127D9 /* Alamofire.framework in Embed Frameworks */ = {isa = PBXBuildFile; fileRef = 3DED6EC721B0F105005127D9 /* Alamofire.framework */; settings = {ATTRIBUTES = (CodeSignOnCopy, RemoveHeadersOnCopy, ); }; };
		3DED6F1121B0F1CD005127D9 /* AlamofireImage.framework in Frameworks */ = {isa = PBXBuildFile; fileRef = 3DED6F0221B0F1B8005127D9 /* AlamofireImage.framework */; };
		3DED6F1221B0F1CD005127D9 /* AlamofireImage.framework in Embed Frameworks */ = {isa = PBXBuildFile; fileRef = 3DED6F0221B0F1B8005127D9 /* AlamofireImage.framework */; settings = {ATTRIBUTES = (CodeSignOnCopy, RemoveHeadersOnCopy, ); }; };
/* End PBXBuildFile section */

/* Begin PBXContainerItemProxy section */
		3D90977E219E06C70024C84C /* PBXContainerItemProxy */ = {
			isa = PBXContainerItemProxy;
			containerPortal = 3D909761219E06C40024C84C /* Project object */;
			proxyType = 1;
			remoteGlobalIDString = 3D909768219E06C40024C84C;
			remoteInfo = icysin;
		};
		3D909789219E06C70024C84C /* PBXContainerItemProxy */ = {
			isa = PBXContainerItemProxy;
			containerPortal = 3D909761219E06C40024C84C /* Project object */;
			proxyType = 1;
			remoteGlobalIDString = 3D909768219E06C40024C84C;
			remoteInfo = icysin;
		};
		3DED6EC621B0F105005127D9 /* PBXContainerItemProxy */ = {
			isa = PBXContainerItemProxy;
			containerPortal = 3DED6EBB21B0F104005127D9 /* Alamofire.xcodeproj */;
			proxyType = 2;
			remoteGlobalIDString = F8111E3319A95C8B0040E7D1;
			remoteInfo = "Alamofire iOS";
		};
		3DED6EC821B0F105005127D9 /* PBXContainerItemProxy */ = {
			isa = PBXContainerItemProxy;
			containerPortal = 3DED6EBB21B0F104005127D9 /* Alamofire.xcodeproj */;
			proxyType = 2;
			remoteGlobalIDString = F8111E3E19A95C8B0040E7D1;
			remoteInfo = "Alamofire iOS Tests";
		};
		3DED6ECA21B0F105005127D9 /* PBXContainerItemProxy */ = {
			isa = PBXContainerItemProxy;
			containerPortal = 3DED6EBB21B0F104005127D9 /* Alamofire.xcodeproj */;
			proxyType = 2;
			remoteGlobalIDString = 4DD67C0B1A5C55C900ED2280;
			remoteInfo = "Alamofire macOS";
		};
		3DED6ECC21B0F105005127D9 /* PBXContainerItemProxy */ = {
			isa = PBXContainerItemProxy;
			containerPortal = 3DED6EBB21B0F104005127D9 /* Alamofire.xcodeproj */;
			proxyType = 2;
			remoteGlobalIDString = F829C6B21A7A94F100A2CD59;
			remoteInfo = "Alamofire macOS Tests";
		};
		3DED6ECE21B0F105005127D9 /* PBXContainerItemProxy */ = {
			isa = PBXContainerItemProxy;
			containerPortal = 3DED6EBB21B0F104005127D9 /* Alamofire.xcodeproj */;
			proxyType = 2;
			remoteGlobalIDString = 4CF626EF1BA7CB3E0011A099;
			remoteInfo = "Alamofire tvOS";
		};
		3DED6ED021B0F105005127D9 /* PBXContainerItemProxy */ = {
			isa = PBXContainerItemProxy;
			containerPortal = 3DED6EBB21B0F104005127D9 /* Alamofire.xcodeproj */;
			proxyType = 2;
			remoteGlobalIDString = 4CF626F81BA7CB3E0011A099;
			remoteInfo = "Alamofire tvOS Tests";
		};
		3DED6ED221B0F105005127D9 /* PBXContainerItemProxy */ = {
			isa = PBXContainerItemProxy;
			containerPortal = 3DED6EBB21B0F104005127D9 /* Alamofire.xcodeproj */;
			proxyType = 2;
			remoteGlobalIDString = E4202FE01B667AA100C997FB;
			remoteInfo = "Alamofire watchOS";
		};
		3DED6ED621B0F130005127D9 /* PBXContainerItemProxy */ = {
			isa = PBXContainerItemProxy;
			containerPortal = 3DED6EBB21B0F104005127D9 /* Alamofire.xcodeproj */;
			proxyType = 1;
			remoteGlobalIDString = F8111E3219A95C8B0040E7D1;
			remoteInfo = "Alamofire iOS";
		};
		3DED6F0121B0F1B8005127D9 /* PBXContainerItemProxy */ = {
			isa = PBXContainerItemProxy;
			containerPortal = 3DED6EF521B0F1B7005127D9 /* AlamofireImage.xcodeproj */;
			proxyType = 2;
			remoteGlobalIDString = 4C9043771AABBFC5001B4E60;
			remoteInfo = "AlamofireImage iOS";
		};
		3DED6F0321B0F1B8005127D9 /* PBXContainerItemProxy */ = {
			isa = PBXContainerItemProxy;
			containerPortal = 3DED6EF521B0F1B7005127D9 /* AlamofireImage.xcodeproj */;
			proxyType = 2;
			remoteGlobalIDString = 4C9043821AABBFC5001B4E60;
			remoteInfo = "AlamofireImage iOS Tests";
		};
		3DED6F0521B0F1B8005127D9 /* PBXContainerItemProxy */ = {
			isa = PBXContainerItemProxy;
			containerPortal = 3DED6EF521B0F1B7005127D9 /* AlamofireImage.xcodeproj */;
			proxyType = 2;
			remoteGlobalIDString = 4CE611321AABC24E00D35044;
			remoteInfo = "AlamofireImage macOS";
		};
		3DED6F0721B0F1B8005127D9 /* PBXContainerItemProxy */ = {
			isa = PBXContainerItemProxy;
			containerPortal = 3DED6EF521B0F1B7005127D9 /* AlamofireImage.xcodeproj */;
			proxyType = 2;
			remoteGlobalIDString = 4CE611471AABC5C900D35044;
			remoteInfo = "AlamofireImage macOS Tests";
		};
		3DED6F0921B0F1B8005127D9 /* PBXContainerItemProxy */ = {
			isa = PBXContainerItemProxy;
			containerPortal = 3DED6EF521B0F1B7005127D9 /* AlamofireImage.xcodeproj */;
			proxyType = 2;
			remoteGlobalIDString = 4C16B37D1BA9399500A66EF0;
			remoteInfo = "AlamofireImage tvOS";
		};
		3DED6F0B21B0F1B8005127D9 /* PBXContainerItemProxy */ = {
			isa = PBXContainerItemProxy;
			containerPortal = 3DED6EF521B0F1B7005127D9 /* AlamofireImage.xcodeproj */;
			proxyType = 2;
			remoteGlobalIDString = 4C16B3861BA9399500A66EF0;
			remoteInfo = "AlamofireImage tvOS Tests";
		};
		3DED6F0D21B0F1B8005127D9 /* PBXContainerItemProxy */ = {
			isa = PBXContainerItemProxy;
			containerPortal = 3DED6EF521B0F1B7005127D9 /* AlamofireImage.xcodeproj */;
			proxyType = 2;
			remoteGlobalIDString = 4C4D4EC11B92976900C96855;
			remoteInfo = "AlamofireImage watchOS";
		};
		3DED6F0F21B0F1B8005127D9 /* PBXContainerItemProxy */ = {
			isa = PBXContainerItemProxy;
			containerPortal = 3DED6EF521B0F1B7005127D9 /* AlamofireImage.xcodeproj */;
			proxyType = 2;
			remoteGlobalIDString = 4C11830B2150517E007A8298;
			remoteInfo = "iOS Example";
		};
		3DED6F1321B0F1CD005127D9 /* PBXContainerItemProxy */ = {
			isa = PBXContainerItemProxy;
			containerPortal = 3DED6EF521B0F1B7005127D9 /* AlamofireImage.xcodeproj */;
			proxyType = 1;
			remoteGlobalIDString = 4C9043761AABBFC5001B4E60;
			remoteInfo = "AlamofireImage iOS";
		};
/* End PBXContainerItemProxy section */

/* Begin PBXCopyFilesBuildPhase section */
		3DED6ED821B0F130005127D9 /* Embed Frameworks */ = {
			isa = PBXCopyFilesBuildPhase;
			buildActionMask = 2147483647;
			dstPath = "";
			dstSubfolderSpec = 10;
			files = (
				3DED6ED521B0F130005127D9 /* Alamofire.framework in Embed Frameworks */,
				3DED6F1221B0F1CD005127D9 /* AlamofireImage.framework in Embed Frameworks */,
			);
			name = "Embed Frameworks";
			runOnlyForDeploymentPostprocessing = 0;
		};
/* End PBXCopyFilesBuildPhase section */

/* Begin PBXFileReference section */
		3D909769219E06C40024C84C /* icysin.app */ = {isa = PBXFileReference; explicitFileType = wrapper.application; includeInIndex = 0; path = icysin.app; sourceTree = BUILT_PRODUCTS_DIR; };
		3D90976C219E06C40024C84C /* AppDelegate.swift */ = {isa = PBXFileReference; lastKnownFileType = sourcecode.swift; path = AppDelegate.swift; sourceTree = "<group>"; };
		3D90976E219E06C40024C84C /* ViewController.swift */ = {isa = PBXFileReference; lastKnownFileType = sourcecode.swift; path = ViewController.swift; sourceTree = "<group>"; };
		3D909771219E06C40024C84C /* Base */ = {isa = PBXFileReference; lastKnownFileType = file.storyboard; name = Base; path = Base.lproj/Main.storyboard; sourceTree = "<group>"; };
		3D909776219E06C70024C84C /* Base */ = {isa = PBXFileReference; lastKnownFileType = file.storyboard; name = Base; path = Base.lproj/LaunchScreen.storyboard; sourceTree = "<group>"; };
		3D909778219E06C70024C84C /* Info.plist */ = {isa = PBXFileReference; lastKnownFileType = text.plist.xml; path = Info.plist; sourceTree = "<group>"; };
		3D90977D219E06C70024C84C /* icysinTests.xctest */ = {isa = PBXFileReference; explicitFileType = wrapper.cfbundle; includeInIndex = 0; path = icysinTests.xctest; sourceTree = BUILT_PRODUCTS_DIR; };
		3D909781219E06C70024C84C /* icysinTests.swift */ = {isa = PBXFileReference; lastKnownFileType = sourcecode.swift; path = icysinTests.swift; sourceTree = "<group>"; };
		3D909783219E06C70024C84C /* Info.plist */ = {isa = PBXFileReference; lastKnownFileType = text.plist.xml; path = Info.plist; sourceTree = "<group>"; };
		3D909788219E06C70024C84C /* icysinUITests.xctest */ = {isa = PBXFileReference; explicitFileType = wrapper.cfbundle; includeInIndex = 0; path = icysinUITests.xctest; sourceTree = BUILT_PRODUCTS_DIR; };
		3D90978C219E06C70024C84C /* icysinUITests.swift */ = {isa = PBXFileReference; lastKnownFileType = sourcecode.swift; path = icysinUITests.swift; sourceTree = "<group>"; };
		3D90978E219E06C70024C84C /* Info.plist */ = {isa = PBXFileReference; lastKnownFileType = text.plist.xml; path = Info.plist; sourceTree = "<group>"; };
		3DB78C0B21AEAC780020CF7B /* Login.swift */ = {isa = PBXFileReference; lastKnownFileType = sourcecode.swift; path = Login.swift; sourceTree = "<group>"; };
		3DB78C0D21AEAC820020CF7B /* info.swift */ = {isa = PBXFileReference; lastKnownFileType = sourcecode.swift; path = info.swift; sourceTree = "<group>"; };
		3DD5C2D821AF45CF0081BEC4 /* chelados.swift */ = {isa = PBXFileReference; lastKnownFileType = sourcecode.swift; path = chelados.swift; sourceTree = "<group>"; };
		3DD5C2DA21AF46330081BEC4 /* cpasteles.swift */ = {isa = PBXFileReference; lastKnownFileType = sourcecode.swift; path = cpasteles.swift; sourceTree = "<group>"; };
		3DD5C2DC21AF46E30081BEC4 /* DetalleProductoController.swift */ = {isa = PBXFileReference; lastKnownFileType = sourcecode.swift; path = DetalleProductoController.swift; sourceTree = "<group>"; };
		3DD5C2DF21AF47110081BEC4 /* CellHelados.swift */ = {isa = PBXFileReference; lastKnownFileType = sourcecode.swift; path = CellHelados.swift; sourceTree = "<group>"; };
		3DD5C2E121AF471D0081BEC4 /* CellPastel.swift */ = {isa = PBXFileReference; lastKnownFileType = sourcecode.swift; path = CellPastel.swift; sourceTree = "<group>"; };
		3DD5C2E321AF48570081BEC4 /* Detallecomponente.swift */ = {isa = PBXFileReference; lastKnownFileType = sourcecode.swift; path = Detallecomponente.swift; sourceTree = "<group>"; };
		3DD5C2E521AF48670081BEC4 /* Carrito.swift */ = {isa = PBXFileReference; lastKnownFileType = sourcecode.swift; path = Carrito.swift; sourceTree = "<group>"; };
		3DD5C2E721AF48F30081BEC4 /* inicio.swift */ = {isa = PBXFileReference; lastKnownFileType = sourcecode.swift; path = inicio.swift; sourceTree = "<group>"; };
		3DD5C2EA21AF4E900081BEC4 /* Helado.swift */ = {isa = PBXFileReference; lastKnownFileType = sourcecode.swift; path = Helado.swift; sourceTree = "<group>"; };
		3DD5C2EC21AF4E9D0081BEC4 /* Pastel.swift */ = {isa = PBXFileReference; lastKnownFileType = sourcecode.swift; path = Pastel.swift; sourceTree = "<group>"; };
		3DD5C2EE21AF4EAE0081BEC4 /* Pedido.swift */ = {isa = PBXFileReference; lastKnownFileType = sourcecode.swift; path = Pedido.swift; sourceTree = "<group>"; };
		3DD5C2F021AF4EC80081BEC4 /* CellPedido.swift */ = {isa = PBXFileReference; lastKnownFileType = sourcecode.swift; path = CellPedido.swift; sourceTree = "<group>"; };
		3DD5C2F221AF4F0A0081BEC4 /* DatosHelado.swift */ = {isa = PBXFileReference; lastKnownFileType = sourcecode.swift; path = DatosHelado.swift; sourceTree = "<group>"; };
		3DD5C2F421AF4F1B0081BEC4 /* DatosPastel.swift */ = {isa = PBXFileReference; lastKnownFileType = sourcecode.swift; path = DatosPastel.swift; sourceTree = "<group>"; };
		3DD5C2F621AF4F2E0081BEC4 /* DatosPedido.swift */ = {isa = PBXFileReference; lastKnownFileType = sourcecode.swift; path = DatosPedido.swift; sourceTree = "<group>"; };
		3DD5C2F821AF63F10081BEC4 /* Pedidospagar.swift */ = {isa = PBXFileReference; lastKnownFileType = sourcecode.swift; path = Pedidospagar.swift; sourceTree = "<group>"; };
		3DD5C2FA21AF63FE0081BEC4 /* Pagado.swift */ = {isa = PBXFileReference; lastKnownFileType = sourcecode.swift; path = Pagado.swift; sourceTree = "<group>"; };
		3DED6EB921B0D933005127D9 /* Assets.xcassets */ = {isa = PBXFileReference; lastKnownFileType = folder.assetcatalog; name = Assets.xcassets; path = Archivos/Fotos/Assets.xcassets; sourceTree = SOURCE_ROOT; };
		3DED6EBB21B0F104005127D9 /* Alamofire.xcodeproj */ = {isa = PBXFileReference; lastKnownFileType = "wrapper.pb-project"; name = Alamofire.xcodeproj; path = Alamofire/Alamofire.xcodeproj; sourceTree = "<group>"; };
		3DED6EF521B0F1B7005127D9 /* AlamofireImage.xcodeproj */ = {isa = PBXFileReference; lastKnownFileType = "wrapper.pb-project"; name = AlamofireImage.xcodeproj; path = AlamofireImage/AlamofireImage.xcodeproj; sourceTree = "<group>"; };
/* End PBXFileReference section */

/* Begin PBXFrameworksBuildPhase section */
		3D909766219E06C40024C84C /* Frameworks */ = {
			isa = PBXFrameworksBuildPhase;
			buildActionMask = 2147483647;
			files = (
				3DED6ED421B0F130005127D9 /* Alamofire.framework in Frameworks */,
				3DED6F1121B0F1CD005127D9 /* AlamofireImage.framework in Frameworks */,
			);
			runOnlyForDeploymentPostprocessing = 0;
		};
		3D90977A219E06C70024C84C /* Frameworks */ = {
			isa = PBXFrameworksBuildPhase;
			buildActionMask = 2147483647;
			files = (
			);
			runOnlyForDeploymentPostprocessing = 0;
		};
		3D909785219E06C70024C84C /* Frameworks */ = {
			isa = PBXFrameworksBuildPhase;
			buildActionMask = 2147483647;
			files = (
			);
			runOnlyForDeploymentPostprocessing = 0;
		};
/* End PBXFrameworksBuildPhase section */

/* Begin PBXGroup section */
		3D909760219E06C40024C84C = {
			isa = PBXGroup;
			children = (
				3DED6EF521B0F1B7005127D9 /* AlamofireImage.xcodeproj */,
				3DED6EBB21B0F104005127D9 /* Alamofire.xcodeproj */,
				3D90976B219E06C40024C84C /* icysin */,
				3D909780219E06C70024C84C /* icysinTests */,
				3D90978B219E06C70024C84C /* icysinUITests */,
				3D90976A219E06C40024C84C /* Products */,
			);
			sourceTree = "<group>";
		};
		3D90976A219E06C40024C84C /* Products */ = {
			isa = PBXGroup;
			children = (
				3D909769219E06C40024C84C /* icysin.app */,
				3D90977D219E06C70024C84C /* icysinTests.xctest */,
				3D909788219E06C70024C84C /* icysinUITests.xctest */,
			);
			name = Products;
			sourceTree = "<group>";
		};
		3D90976B219E06C40024C84C /* icysin */ = {
			isa = PBXGroup;
			children = (
				3DD5C2E921AF4E7C0081BEC4 /* Models */,
				3DD5C2DE21AF46FB0081BEC4 /* CellController */,
				3DB78C0A21AEAC5C0020CF7B /* Controllers */,
				3D90976C219E06C40024C84C /* AppDelegate.swift */,
				3D909770219E06C40024C84C /* Main.storyboard */,
				3DED6EB921B0D933005127D9 /* Assets.xcassets */,
				3D909775219E06C70024C84C /* LaunchScreen.storyboard */,
				3D909778219E06C70024C84C /* Info.plist */,
				3DD5C2F221AF4F0A0081BEC4 /* DatosHelado.swift */,
				3DD5C2F421AF4F1B0081BEC4 /* DatosPastel.swift */,
				3DD5C2F621AF4F2E0081BEC4 /* DatosPedido.swift */,
			);
			path = icysin;
			sourceTree = "<group>";
		};
		3D909780219E06C70024C84C /* icysinTests */ = {
			isa = PBXGroup;
			children = (
				3D909781219E06C70024C84C /* icysinTests.swift */,
				3D909783219E06C70024C84C /* Info.plist */,
			);
			path = icysinTests;
			sourceTree = "<group>";
		};
		3D90978B219E06C70024C84C /* icysinUITests */ = {
			isa = PBXGroup;
			children = (
				3D90978C219E06C70024C84C /* icysinUITests.swift */,
				3D90978E219E06C70024C84C /* Info.plist */,
			);
			path = icysinUITests;
			sourceTree = "<group>";
		};
		3DB78C0A21AEAC5C0020CF7B /* Controllers */ = {
			isa = PBXGroup;
			children = (
				3DD5C2DA21AF46330081BEC4 /* cpasteles.swift */,
				3D90976E219E06C40024C84C /* ViewController.swift */,
				3DB78C0B21AEAC780020CF7B /* Login.swift */,
				3DB78C0D21AEAC820020CF7B /* info.swift */,
				3DD5C2D821AF45CF0081BEC4 /* chelados.swift */,
				3DD5C2DC21AF46E30081BEC4 /* DetalleProductoController.swift */,
				3DD5C2E321AF48570081BEC4 /* Detallecomponente.swift */,
				3DD5C2E521AF48670081BEC4 /* Carrito.swift */,
				3DD5C2E721AF48F30081BEC4 /* inicio.swift */,
				3DD5C2F821AF63F10081BEC4 /* Pedidospagar.swift */,
				3DD5C2FA21AF63FE0081BEC4 /* Pagado.swift */,
			);
			path = Controllers;
			sourceTree = "<group>";
		};
		3DD5C2DE21AF46FB0081BEC4 /* CellController */ = {
			isa = PBXGroup;
			children = (
				3DD5C2DF21AF47110081BEC4 /* CellHelados.swift */,
				3DD5C2E121AF471D0081BEC4 /* CellPastel.swift */,
				3DD5C2F021AF4EC80081BEC4 /* CellPedido.swift */,
			);
			path = CellController;
			sourceTree = "<group>";
		};
		3DD5C2E921AF4E7C0081BEC4 /* Models */ = {
			isa = PBXGroup;
			children = (
				3DD5C2EA21AF4E900081BEC4 /* Helado.swift */,
				3DD5C2EC21AF4E9D0081BEC4 /* Pastel.swift */,
				3DD5C2EE21AF4EAE0081BEC4 /* Pedido.swift */,
			);
			path = Models;
			sourceTree = "<group>";
		};
		3DED6EBC21B0F104005127D9 /* Products */ = {
			isa = PBXGroup;
			children = (
				3DED6EC721B0F105005127D9 /* Alamofire.framework */,
				3DED6EC921B0F105005127D9 /* Alamofire iOS Tests.xctest */,
				3DED6ECB21B0F105005127D9 /* Alamofire.framework */,
				3DED6ECD21B0F105005127D9 /* Alamofire macOS Tests.xctest */,
				3DED6ECF21B0F105005127D9 /* Alamofire.framework */,
				3DED6ED121B0F105005127D9 /* Alamofire tvOS Tests.xctest */,
				3DED6ED321B0F105005127D9 /* Alamofire.framework */,
			);
			name = Products;
			sourceTree = "<group>";
		};
		3DED6EF621B0F1B7005127D9 /* Products */ = {
			isa = PBXGroup;
			children = (
				3DED6F0221B0F1B8005127D9 /* AlamofireImage.framework */,
				3DED6F0421B0F1B8005127D9 /* AlamofireImage iOS Tests.xctest */,
				3DED6F0621B0F1B8005127D9 /* AlamofireImage.framework */,
				3DED6F0821B0F1B8005127D9 /* AlamofireImage macOS Tests.xctest */,
				3DED6F0A21B0F1B8005127D9 /* AlamofireImage.framework */,
				3DED6F0C21B0F1B8005127D9 /* AlamofireImage tvOS Tests.xctest */,
				3DED6F0E21B0F1B8005127D9 /* AlamofireImage.framework */,
				3DED6F1021B0F1B8005127D9 /* iOS Example.app */,
			);
			name = Products;
			sourceTree = "<group>";
		};
/* End PBXGroup section */

/* Begin PBXNativeTarget section */
		3D909768219E06C40024C84C /* icysin */ = {
			isa = PBXNativeTarget;
			buildConfigurationList = 3D909791219E06C70024C84C /* Build configuration list for PBXNativeTarget "icysin" */;
			buildPhases = (
				3D909765219E06C40024C84C /* Sources */,
				3D909766219E06C40024C84C /* Frameworks */,
				3D909767219E06C40024C84C /* Resources */,
				3DED6ED821B0F130005127D9 /* Embed Frameworks */,
			);
			buildRules = (
			);
			dependencies = (
				3DED6ED721B0F130005127D9 /* PBXTargetDependency */,
				3DED6F1421B0F1CD005127D9 /* PBXTargetDependency */,
			);
			name = icysin;
			productName = icysin;
			productReference = 3D909769219E06C40024C84C /* icysin.app */;
			productType = "com.apple.product-type.application";
		};
		3D90977C219E06C70024C84C /* icysinTests */ = {
			isa = PBXNativeTarget;
			buildConfigurationList = 3D909794219E06C70024C84C /* Build configuration list for PBXNativeTarget "icysinTests" */;
			buildPhases = (
				3D909779219E06C70024C84C /* Sources */,
				3D90977A219E06C70024C84C /* Frameworks */,
				3D90977B219E06C70024C84C /* Resources */,
			);
			buildRules = (
			);
			dependencies = (
				3D90977F219E06C70024C84C /* PBXTargetDependency */,
			);
			name = icysinTests;
			productName = icysinTests;
			productReference = 3D90977D219E06C70024C84C /* icysinTests.xctest */;
			productType = "com.apple.product-type.bundle.unit-test";
		};
		3D909787219E06C70024C84C /* icysinUITests */ = {
			isa = PBXNativeTarget;
			buildConfigurationList = 3D909797219E06C70024C84C /* Build configuration list for PBXNativeTarget "icysinUITests" */;
			buildPhases = (
				3D909784219E06C70024C84C /* Sources */,
				3D909785219E06C70024C84C /* Frameworks */,
				3D909786219E06C70024C84C /* Resources */,
			);
			buildRules = (
			);
			dependencies = (
				3D90978A219E06C70024C84C /* PBXTargetDependency */,
			);
			name = icysinUITests;
			productName = icysinUITests;
			productReference = 3D909788219E06C70024C84C /* icysinUITests.xctest */;
			productType = "com.apple.product-type.bundle.ui-testing";
		};
/* End PBXNativeTarget section */

/* Begin PBXProject section */
		3D909761219E06C40024C84C /* Project object */ = {
			isa = PBXProject;
			attributes = {
				LastSwiftUpdateCheck = 0940;
				LastUpgradeCheck = 0940;
				ORGANIZATIONNAME = Alumno;
				TargetAttributes = {
					3D909768219E06C40024C84C = {
						CreatedOnToolsVersion = 9.4.1;
						LastSwiftMigration = 0940;
					};
					3D90977C219E06C70024C84C = {
						CreatedOnToolsVersion = 9.4.1;
						TestTargetID = 3D909768219E06C40024C84C;
					};
					3D909787219E06C70024C84C = {
						CreatedOnToolsVersion = 9.4.1;
						TestTargetID = 3D909768219E06C40024C84C;
					};
				};
			};
			buildConfigurationList = 3D909764219E06C40024C84C /* Build configuration list for PBXProject "icysin" */;
			compatibilityVersion = "Xcode 9.3";
			developmentRegion = en;
			hasScannedForEncodings = 0;
			knownRegions = (
				en,
				Base,
			);
			mainGroup = 3D909760219E06C40024C84C;
			productRefGroup = 3D90976A219E06C40024C84C /* Products */;
			projectDirPath = "";
			projectReferences = (
				{
					ProductGroup = 3DED6EBC21B0F104005127D9 /* Products */;
					ProjectRef = 3DED6EBB21B0F104005127D9 /* Alamofire.xcodeproj */;
				},
				{
					ProductGroup = 3DED6EF621B0F1B7005127D9 /* Products */;
					ProjectRef = 3DED6EF521B0F1B7005127D9 /* AlamofireImage.xcodeproj */;
				},
			);
			projectRoot = "";
			targets = (
				3D909768219E06C40024C84C /* icysin */,
				3D90977C219E06C70024C84C /* icysinTests */,
				3D909787219E06C70024C84C /* icysinUITests */,
			);
		};
/* End PBXProject section */

/* Begin PBXReferenceProxy section */
		3DED6EC721B0F105005127D9 /* Alamofire.framework */ = {
			isa = PBXReferenceProxy;
			fileType = wrapper.framework;
			path = Alamofire.framework;
			remoteRef = 3DED6EC621B0F105005127D9 /* PBXContainerItemProxy */;
			sourceTree = BUILT_PRODUCTS_DIR;
		};
		3DED6EC921B0F105005127D9 /* Alamofire iOS Tests.xctest */ = {
			isa = PBXReferenceProxy;
			fileType = wrapper.cfbundle;
			path = "Alamofire iOS Tests.xctest";
			remoteRef = 3DED6EC821B0F105005127D9 /* PBXContainerItemProxy */;
			sourceTree = BUILT_PRODUCTS_DIR;
		};
		3DED6ECB21B0F105005127D9 /* Alamofire.framework */ = {
			isa = PBXReferenceProxy;
			fileType = wrapper.framework;
			path = Alamofire.framework;
			remoteRef = 3DED6ECA21B0F105005127D9 /* PBXContainerItemProxy */;
			sourceTree = BUILT_PRODUCTS_DIR;
		};
		3DED6ECD21B0F105005127D9 /* Alamofire macOS Tests.xctest */ = {
			isa = PBXReferenceProxy;
			fileType = wrapper.cfbundle;
			path = "Alamofire macOS Tests.xctest";
			remoteRef = 3DED6ECC21B0F105005127D9 /* PBXContainerItemProxy */;
			sourceTree = BUILT_PRODUCTS_DIR;
		};
		3DED6ECF21B0F105005127D9 /* Alamofire.framework */ = {
			isa = PBXReferenceProxy;
			fileType = wrapper.framework;
			path = Alamofire.framework;
			remoteRef = 3DED6ECE21B0F105005127D9 /* PBXContainerItemProxy */;
			sourceTree = BUILT_PRODUCTS_DIR;
		};
		3DED6ED121B0F105005127D9 /* Alamofire tvOS Tests.xctest */ = {
			isa = PBXReferenceProxy;
			fileType = wrapper.cfbundle;
			path = "Alamofire tvOS Tests.xctest";
			remoteRef = 3DED6ED021B0F105005127D9 /* PBXContainerItemProxy */;
			sourceTree = BUILT_PRODUCTS_DIR;
		};
		3DED6ED321B0F105005127D9 /* Alamofire.framework */ = {
			isa = PBXReferenceProxy;
			fileType = wrapper.framework;
			path = Alamofire.framework;
			remoteRef = 3DED6ED221B0F105005127D9 /* PBXContainerItemProxy */;
			sourceTree = BUILT_PRODUCTS_DIR;
		};
		3DED6F0221B0F1B8005127D9 /* AlamofireImage.framework */ = {
			isa = PBXReferenceProxy;
			fileType = wrapper.framework;
			path = AlamofireImage.framework;
			remoteRef = 3DED6F0121B0F1B8005127D9 /* PBXContainerItemProxy */;
			sourceTree = BUILT_PRODUCTS_DIR;
		};
		3DED6F0421B0F1B8005127D9 /* AlamofireImage iOS Tests.xctest */ = {
			isa = PBXReferenceProxy;
			fileType = wrapper.cfbundle;
			path = "AlamofireImage iOS Tests.xctest";
			remoteRef = 3DED6F0321B0F1B8005127D9 /* PBXContainerItemProxy */;
			sourceTree = BUILT_PRODUCTS_DIR;
		};
		3DED6F0621B0F1B8005127D9 /* AlamofireImage.framework */ = {
			isa = PBXReferenceProxy;
			fileType = wrapper.framework;
			path = AlamofireImage.framework;
			remoteRef = 3DED6F0521B0F1B8005127D9 /* PBXContainerItemProxy */;
			sourceTree = BUILT_PRODUCTS_DIR;
		};
		3DED6F0821B0F1B8005127D9 /* AlamofireImage macOS Tests.xctest */ = {
			isa = PBXReferenceProxy;
			fileType = wrapper.cfbundle;
			path = "AlamofireImage macOS Tests.xctest";
			remoteRef = 3DED6F0721B0F1B8005127D9 /* PBXContainerItemProxy */;
			sourceTree = BUILT_PRODUCTS_DIR;
		};
		3DED6F0A21B0F1B8005127D9 /* AlamofireImage.framework */ = {
			isa = PBXReferenceProxy;
			fileType = wrapper.framework;
			path = AlamofireImage.framework;
			remoteRef = 3DED6F0921B0F1B8005127D9 /* PBXContainerItemProxy */;
			sourceTree = BUILT_PRODUCTS_DIR;
		};
		3DED6F0C21B0F1B8005127D9 /* AlamofireImage tvOS Tests.xctest */ = {
			isa = PBXReferenceProxy;
			fileType = wrapper.cfbundle;
			path = "AlamofireImage tvOS Tests.xctest";
			remoteRef = 3DED6F0B21B0F1B8005127D9 /* PBXContainerItemProxy */;
			sourceTree = BUILT_PRODUCTS_DIR;
		};
		3DED6F0E21B0F1B8005127D9 /* AlamofireImage.framework */ = {
			isa = PBXReferenceProxy;
			fileType = wrapper.framework;
			path = AlamofireImage.framework;
			remoteRef = 3DED6F0D21B0F1B8005127D9 /* PBXContainerItemProxy */;
			sourceTree = BUILT_PRODUCTS_DIR;
		};
		3DED6F1021B0F1B8005127D9 /* iOS Example.app */ = {
			isa = PBXReferenceProxy;
			fileType = wrapper.application;
			path = "iOS Example.app";
			remoteRef = 3DED6F0F21B0F1B8005127D9 /* PBXContainerItemProxy */;
			sourceTree = BUILT_PRODUCTS_DIR;
		};
/* End PBXReferenceProxy section */

/* Begin PBXResourcesBuildPhase section */
		3D909767219E06C40024C84C /* Resources */ = {
			isa = PBXResourcesBuildPhase;
			buildActionMask = 2147483647;
			files = (
				3D909777219E06C70024C84C /* LaunchScreen.storyboard in Resources */,
				3DED6EBA21B0D933005127D9 /* Assets.xcassets in Resources */,
				3D909772219E06C40024C84C /* Main.storyboard in Resources */,
			);
			runOnlyForDeploymentPostprocessing = 0;
		};
		3D90977B219E06C70024C84C /* Resources */ = {
			isa = PBXResourcesBuildPhase;
			buildActionMask = 2147483647;
			files = (
			);
			runOnlyForDeploymentPostprocessing = 0;
		};
		3D909786219E06C70024C84C /* Resources */ = {
			isa = PBXResourcesBuildPhase;
			buildActionMask = 2147483647;
			files = (
			);
			runOnlyForDeploymentPostprocessing = 0;
		};
/* End PBXResourcesBuildPhase section */

/* Begin PBXSourcesBuildPhase section */
		3D909765219E06C40024C84C /* Sources */ = {
			isa = PBXSourcesBuildPhase;
			buildActionMask = 2147483647;
			files = (
				3DD5C2F721AF4F2E0081BEC4 /* DatosPedido.swift in Sources */,
				3DD5C2F121AF4EC80081BEC4 /* CellPedido.swift in Sources */,
				3DD5C2DD21AF46E30081BEC4 /* DetalleProductoController.swift in Sources */,
				3DD5C2DB21AF46330081BEC4 /* cpasteles.swift in Sources */,
				3DD5C2E821AF48F30081BEC4 /* inicio.swift in Sources */,
				3DB78C0C21AEAC780020CF7B /* Login.swift in Sources */,
				3DD5C2F321AF4F0A0081BEC4 /* DatosHelado.swift in Sources */,
				3DB78C0E21AEAC820020CF7B /* info.swift in Sources */,
				3DD5C2EB21AF4E900081BEC4 /* Helado.swift in Sources */,
				3DD5C2ED21AF4E9D0081BEC4 /* Pastel.swift in Sources */,
				3DD5C2E021AF47110081BEC4 /* CellHelados.swift in Sources */,
				3DD5C2FB21AF63FE0081BEC4 /* Pagado.swift in Sources */,
				3DD5C2E221AF471D0081BEC4 /* CellPastel.swift in Sources */,
				3DD5C2EF21AF4EAE0081BEC4 /* Pedido.swift in Sources */,
				3DD5C2F521AF4F1B0081BEC4 /* DatosPastel.swift in Sources */,
				3D90976F219E06C40024C84C /* ViewController.swift in Sources */,
				3DD5C2D921AF45CF0081BEC4 /* chelados.swift in Sources */,
				3DD5C2F921AF63F10081BEC4 /* Pedidospagar.swift in Sources */,
				3D90976D219E06C40024C84C /* AppDelegate.swift in Sources */,
				3DD5C2E421AF48570081BEC4 /* Detallecomponente.swift in Sources */,
				3DD5C2E621AF48670081BEC4 /* Carrito.swift in Sources */,
			);
			runOnlyForDeploymentPostprocessing = 0;
		};
		3D909779219E06C70024C84C /* Sources */ = {
			isa = PBXSourcesBuildPhase;
			buildActionMask = 2147483647;
			files = (
				3D909782219E06C70024C84C /* icysinTests.swift in Sources */,
			);
			runOnlyForDeploymentPostprocessing = 0;
		};
		3D909784219E06C70024C84C /* Sources */ = {
			isa = PBXSourcesBuildPhase;
			buildActionMask = 2147483647;
			files = (
				3D90978D219E06C70024C84C /* icysinUITests.swift in Sources */,
			);
			runOnlyForDeploymentPostprocessing = 0;
		};
/* End PBXSourcesBuildPhase section */

/* Begin PBXTargetDependency section */
		3D90977F219E06C70024C84C /* PBXTargetDependency */ = {
			isa = PBXTargetDependency;
			target = 3D909768219E06C40024C84C /* icysin */;
			targetProxy = 3D90977E219E06C70024C84C /* PBXContainerItemProxy */;
		};
		3D90978A219E06C70024C84C /* PBXTargetDependency */ = {
			isa = PBXTargetDependency;
			target = 3D909768219E06C40024C84C /* icysin */;
			targetProxy = 3D909789219E06C70024C84C /* PBXContainerItemProxy */;
		};
		3DED6ED721B0F130005127D9 /* PBXTargetDependency */ = {
			isa = PBXTargetDependency;
			name = "Alamofire iOS";
			targetProxy = 3DED6ED621B0F130005127D9 /* PBXContainerItemProxy */;
		};
		3DED6F1421B0F1CD005127D9 /* PBXTargetDependency */ = {
			isa = PBXTargetDependency;
			name = "AlamofireImage iOS";
			targetProxy = 3DED6F1321B0F1CD005127D9 /* PBXContainerItemProxy */;
		};
/* End PBXTargetDependency section */

/* Begin PBXVariantGroup section */
		3D909770219E06C40024C84C /* Main.storyboard */ = {
			isa = PBXVariantGroup;
			children = (
				3D909771219E06C40024C84C /* Base */,
			);
			name = Main.storyboard;
			sourceTree = "<group>";
		};
		3D909775219E06C70024C84C /* LaunchScreen.storyboard */ = {
			isa = PBXVariantGroup;
			children = (
				3D909776219E06C70024C84C /* Base */,
			);
			name = LaunchScreen.storyboard;
			sourceTree = "<group>";
		};
/* End PBXVariantGroup section */

/* Begin XCBuildConfiguration section */
		3D90978F219E06C70024C84C /* Debug */ = {
			isa = XCBuildConfiguration;
			buildSettings = {
				ALWAYS_SEARCH_USER_PATHS = NO;
				CLANG_ANALYZER_NONNULL = YES;
				CLANG_ANALYZER_NUMBER_OBJECT_CONVERSION = YES_AGGRESSIVE;
				CLANG_CXX_LANGUAGE_STANDARD = "gnu++14";
				CLANG_CXX_LIBRARY = "libc++";
				CLANG_ENABLE_MODULES = YES;
				CLANG_ENABLE_OBJC_ARC = YES;
				CLANG_ENABLE_OBJC_WEAK = YES;
				CLANG_WARN_BLOCK_CAPTURE_AUTORELEASING = YES;
				CLANG_WARN_BOOL_CONVERSION = YES;
				CLANG_WARN_COMMA = YES;
				CLANG_WARN_CONSTANT_CONVERSION = YES;
				CLANG_WARN_DEPRECATED_OBJC_IMPLEMENTATIONS = YES;
				CLANG_WARN_DIRECT_OBJC_ISA_USAGE = YES_ERROR;
				CLANG_WARN_DOCUMENTATION_COMMENTS = YES;
				CLANG_WARN_EMPTY_BODY = YES;
				CLANG_WARN_ENUM_CONVERSION = YES;
				CLANG_WARN_INFINITE_RECURSION = YES;
				CLANG_WARN_INT_CONVERSION = YES;
				CLANG_WARN_NON_LITERAL_NULL_CONVERSION = YES;
				CLANG_WARN_OBJC_IMPLICIT_RETAIN_SELF = YES;
				CLANG_WARN_OBJC_LITERAL_CONVERSION = YES;
				CLANG_WARN_OBJC_ROOT_CLASS = YES_ERROR;
				CLANG_WARN_RANGE_LOOP_ANALYSIS = YES;
				CLANG_WARN_STRICT_PROTOTYPES = YES;
				CLANG_WARN_SUSPICIOUS_MOVE = YES;
				CLANG_WARN_UNGUARDED_AVAILABILITY = YES_AGGRESSIVE;
				CLANG_WARN_UNREACHABLE_CODE = YES;
				CLANG_WARN__DUPLICATE_METHOD_MATCH = YES;
				CODE_SIGN_IDENTITY = "iPhone Developer";
				COPY_PHASE_STRIP = NO;
				DEBUG_INFORMATION_FORMAT = dwarf;
				ENABLE_STRICT_OBJC_MSGSEND = YES;
				ENABLE_TESTABILITY = YES;
				GCC_C_LANGUAGE_STANDARD = gnu11;
				GCC_DYNAMIC_NO_PIC = NO;
				GCC_NO_COMMON_BLOCKS = YES;
				GCC_OPTIMIZATION_LEVEL = 0;
				GCC_PREPROCESSOR_DEFINITIONS = (
					"DEBUG=1",
					"$(inherited)",
				);
				GCC_WARN_64_TO_32_BIT_CONVERSION = YES;
				GCC_WARN_ABOUT_RETURN_TYPE = YES_ERROR;
				GCC_WARN_UNDECLARED_SELECTOR = YES;
				GCC_WARN_UNINITIALIZED_AUTOS = YES_AGGRESSIVE;
				GCC_WARN_UNUSED_FUNCTION = YES;
				GCC_WARN_UNUSED_VARIABLE = YES;
				IPHONEOS_DEPLOYMENT_TARGET = 11.4;
				MTL_ENABLE_DEBUG_INFO = YES;
				ONLY_ACTIVE_ARCH = YES;
				SDKROOT = iphoneos;
				SWIFT_ACTIVE_COMPILATION_CONDITIONS = DEBUG;
				SWIFT_OPTIMIZATION_LEVEL = "-Onone";
			};
			name = Debug;
		};
		3D909790219E06C70024C84C /* Release */ = {
			isa = XCBuildConfiguration;
			buildSettings = {
				ALWAYS_SEARCH_USER_PATHS = NO;
				CLANG_ANALYZER_NONNULL = YES;
				CLANG_ANALYZER_NUMBER_OBJECT_CONVERSION = YES_AGGRESSIVE;
				CLANG_CXX_LANGUAGE_STANDARD = "gnu++14";
				CLANG_CXX_LIBRARY = "libc++";
				CLANG_ENABLE_MODULES = YES;
				CLANG_ENABLE_OBJC_ARC = YES;
				CLANG_ENABLE_OBJC_WEAK = YES;
				CLANG_WARN_BLOCK_CAPTURE_AUTORELEASING = YES;
				CLANG_WARN_BOOL_CONVERSION = YES;
				CLANG_WARN_COMMA = YES;
				CLANG_WARN_CONSTANT_CONVERSION = YES;
				CLANG_WARN_DEPRECATED_OBJC_IMPLEMENTATIONS = YES;
				CLANG_WARN_DIRECT_OBJC_ISA_USAGE = YES_ERROR;
				CLANG_WARN_DOCUMENTATION_COMMENTS = YES;
				CLANG_WARN_EMPTY_BODY = YES;
				CLANG_WARN_ENUM_CONVERSION = YES;
				CLANG_WARN_INFINITE_RECURSION = YES;
				CLANG_WARN_INT_CONVERSION = YES;
				CLANG_WARN_NON_LITERAL_NULL_CONVERSION = YES;
				CLANG_WARN_OBJC_IMPLICIT_RETAIN_SELF = YES;
				CLANG_WARN_OBJC_LITERAL_CONVERSION = YES;
				CLANG_WARN_OBJC_ROOT_CLASS = YES_ERROR;
				CLANG_WARN_RANGE_LOOP_ANALYSIS = YES;
				CLANG_WARN_STRICT_PROTOTYPES = YES;
				CLANG_WARN_SUSPICIOUS_MOVE = YES;
				CLANG_WARN_UNGUARDED_AVAILABILITY = YES_AGGRESSIVE;
				CLANG_WARN_UNREACHABLE_CODE = YES;
				CLANG_WARN__DUPLICATE_METHOD_MATCH = YES;
				CODE_SIGN_IDENTITY = "iPhone Developer";
				COPY_PHASE_STRIP = NO;
				DEBUG_INFORMATION_FORMAT = "dwarf-with-dsym";
				ENABLE_NS_ASSERTIONS = NO;
				ENABLE_STRICT_OBJC_MSGSEND = YES;
				GCC_C_LANGUAGE_STANDARD = gnu11;
				GCC_NO_COMMON_BLOCKS = YES;
				GCC_WARN_64_TO_32_BIT_CONVERSION = YES;
				GCC_WARN_ABOUT_RETURN_TYPE = YES_ERROR;
				GCC_WARN_UNDECLARED_SELECTOR = YES;
				GCC_WARN_UNINITIALIZED_AUTOS = YES_AGGRESSIVE;
				GCC_WARN_UNUSED_FUNCTION = YES;
				GCC_WARN_UNUSED_VARIABLE = YES;
				IPHONEOS_DEPLOYMENT_TARGET = 11.4;
				MTL_ENABLE_DEBUG_INFO = NO;
				SDKROOT = iphoneos;
				SWIFT_COMPILATION_MODE = wholemodule;
				SWIFT_OPTIMIZATION_LEVEL = "-O";
				VALIDATE_PRODUCT = YES;
			};
			name = Release;
		};
		3D909792219E06C70024C84C /* Debug */ = {
			isa = XCBuildConfiguration;
			buildSettings = {
				ALWAYS_EMBED_SWIFT_STANDARD_LIBRARIES = YES;
				ASSETCATALOG_COMPILER_APPICON_NAME = AppIcon;
				CLANG_ENABLE_MODULES = YES;
				CODE_SIGN_STYLE = Automatic;
				INFOPLIST_FILE = icysin/Info.plist;
				LD_RUNPATH_SEARCH_PATHS = (
					"$(inherited)",
					"@executable_path/Frameworks",
				);
				PRODUCT_BUNDLE_IDENTIFIER = edu.ulsa.icysin;
				PRODUCT_NAME = "$(TARGET_NAME)";
				SWIFT_OBJC_BRIDGING_HEADER = "icysin/icysin-Bridging-Header.h";
				SWIFT_OPTIMIZATION_LEVEL = "-Onone";
				SWIFT_VERSION = 4.0;
				TARGETED_DEVICE_FAMILY = "1,2";
			};
			name = Debug;
		};
		3D909793219E06C70024C84C /* Release */ = {
			isa = XCBuildConfiguration;
			buildSettings = {
				ALWAYS_EMBED_SWIFT_STANDARD_LIBRARIES = YES;
				ASSETCATALOG_COMPILER_APPICON_NAME = AppIcon;
				CLANG_ENABLE_MODULES = YES;
				CODE_SIGN_STYLE = Automatic;
				INFOPLIST_FILE = icysin/Info.plist;
				LD_RUNPATH_SEARCH_PATHS = (
					"$(inherited)",
					"@executable_path/Frameworks",
				);
				PRODUCT_BUNDLE_IDENTIFIER = edu.ulsa.icysin;
				PRODUCT_NAME = "$(TARGET_NAME)";
				SWIFT_OBJC_BRIDGING_HEADER = "icysin/icysin-Bridging-Header.h";
				SWIFT_VERSION = 4.0;
				TARGETED_DEVICE_FAMILY = "1,2";
			};
			name = Release;
		};
		3D909795219E06C70024C84C /* Debug */ = {
			isa = XCBuildConfiguration;
			buildSettings = {
				ALWAYS_EMBED_SWIFT_STANDARD_LIBRARIES = YES;
				BUNDLE_LOADER = "$(TEST_HOST)";
				CODE_SIGN_STYLE = Automatic;
				INFOPLIST_FILE = icysinTests/Info.plist;
				LD_RUNPATH_SEARCH_PATHS = (
					"$(inherited)",
					"@executable_path/Frameworks",
					"@loader_path/Frameworks",
				);
				PRODUCT_BUNDLE_IDENTIFIER = edu.ulsa.icysinTests;
				PRODUCT_NAME = "$(TARGET_NAME)";
				SWIFT_VERSION = 4.0;
				TARGETED_DEVICE_FAMILY = "1,2";
				TEST_HOST = "$(BUILT_PRODUCTS_DIR)/icysin.app/icysin";
			};
			name = Debug;
		};
		3D909796219E06C70024C84C /* Release */ = {
			isa = XCBuildConfiguration;
			buildSettings = {
				ALWAYS_EMBED_SWIFT_STANDARD_LIBRARIES = YES;
				BUNDLE_LOADER = "$(TEST_HOST)";
				CODE_SIGN_STYLE = Automatic;
				INFOPLIST_FILE = icysinTests/Info.plist;
				LD_RUNPATH_SEARCH_PATHS = (
					"$(inherited)",
					"@executable_path/Frameworks",
					"@loader_path/Frameworks",
				);
				PRODUCT_BUNDLE_IDENTIFIER = edu.ulsa.icysinTests;
				PRODUCT_NAME = "$(TARGET_NAME)";
				SWIFT_VERSION = 4.0;
				TARGETED_DEVICE_FAMILY = "1,2";
				TEST_HOST = "$(BUILT_PRODUCTS_DIR)/icysin.app/icysin";
			};
			name = Release;
		};
		3D909798219E06C70024C84C /* Debug */ = {
			isa = XCBuildConfiguration;
			buildSettings = {
				ALWAYS_EMBED_SWIFT_STANDARD_LIBRARIES = YES;
				CODE_SIGN_STYLE = Automatic;
				INFOPLIST_FILE = icysinUITests/Info.plist;
				LD_RUNPATH_SEARCH_PATHS = (
					"$(inherited)",
					"@executable_path/Frameworks",
					"@loader_path/Frameworks",
				);
				PRODUCT_BUNDLE_IDENTIFIER = edu.ulsa.icysinUITests;
				PRODUCT_NAME = "$(TARGET_NAME)";
				SWIFT_VERSION = 4.0;
				TARGETED_DEVICE_FAMILY = "1,2";
				TEST_TARGET_NAME = icysin;
			};
			name = Debug;
		};
		3D909799219E06C70024C84C /* Release */ = {
			isa = XCBuildConfiguration;
			buildSettings = {
				ALWAYS_EMBED_SWIFT_STANDARD_LIBRARIES = YES;
				CODE_SIGN_STYLE = Automatic;
				INFOPLIST_FILE = icysinUITests/Info.plist;
				LD_RUNPATH_SEARCH_PATHS = (
					"$(inherited)",
					"@executable_path/Frameworks",
					"@loader_path/Frameworks",
				);
				PRODUCT_BUNDLE_IDENTIFIER = edu.ulsa.icysinUITests;
				PRODUCT_NAME = "$(TARGET_NAME)";
				SWIFT_VERSION = 4.0;
				TARGETED_DEVICE_FAMILY = "1,2";
				TEST_TARGET_NAME = icysin;
			};
			name = Release;
		};
/* End XCBuildConfiguration section */

/* Begin XCConfigurationList section */
		3D909764219E06C40024C84C /* Build configuration list for PBXProject "icysin" */ = {
			isa = XCConfigurationList;
			buildConfigurations = (
				3D90978F219E06C70024C84C /* Debug */,
				3D909790219E06C70024C84C /* Release */,
			);
			defaultConfigurationIsVisible = 0;
			defaultConfigurationName = Release;
		};
		3D909791219E06C70024C84C /* Build configuration list for PBXNativeTarget "icysin" */ = {
			isa = XCConfigurationList;
			buildConfigurations = (
				3D909792219E06C70024C84C /* Debug */,
				3D909793219E06C70024C84C /* Release */,
			);
			defaultConfigurationIsVisible = 0;
			defaultConfigurationName = Release;
		};
		3D909794219E06C70024C84C /* Build configuration list for PBXNativeTarget "icysinTests" */ = {
			isa = XCConfigurationList;
			buildConfigurations = (
				3D909795219E06C70024C84C /* Debug */,
				3D909796219E06C70024C84C /* Release */,
			);
			defaultConfigurationIsVisible = 0;
			defaultConfigurationName = Release;
		};
		3D909797219E06C70024C84C /* Build configuration list for PBXNativeTarget "icysinUITests" */ = {
			isa = XCConfigurationList;
			buildConfigurations = (
				3D909798219E06C70024C84C /* Debug */,
				3D909799219E06C70024C84C /* Release */,
			);
			defaultConfigurationIsVisible = 0;
			defaultConfigurationName = Release;
		};
/* End XCConfigurationList section */
	};
	rootObject = 3D909761219E06C40024C84C /* Project object */;
}
